
Microsoft Visual Studio Solution File, Format Version 12.00
# Visual Studio Version 17
VisualStudioVersion = 17.8.34330.188
MinimumVisualStudioVersion = 10.0.40219.1
Project("{FAE04EC0-301F-11D3-BF4B-00C04F79EFBC}") = "Objects and  Classes", "Objects and  Classes.csproj", "{CFF3735F-2023-4208-B23F-8EC6DBA250F4}"
EndProject
Global
	GlobalSection(SolutionConfigurationPlatforms) = preSolution
		Debug|Any CPU = Debug|Any CPU
		Release|Any CPU = Release|Any CPU
	EndGlobalSection
	GlobalSection(ProjectConfigurationPlatforms) = postSolution
		{CFF3735F-2023-4208-B23F-8EC6DBA250F4}.Debug|Any CPU.ActiveCfg = Debug|Any CPU
		{CFF3735F-2023-4208-B23F-8EC6DBA250F4}.Debug|Any CPU.Build.0 = Debug|Any CPU
		{CFF3735F-2023-4208-B23F-8EC6DBA250F4}.Release|Any CPU.ActiveCfg = Release|Any CPU
		{CFF3735F-2023-4208-B23F-8EC6DBA250F4}.Release|Any CPU.Build.0 = Release|Any CPU
	EndGlobalSection
	GlobalSection(SolutionProperties) = preSolution
		HideSolutionNode = FALSE
	EndGlobalSection
	GlobalSection(ExtensibilityGlobals) = postSolution
		SolutionGuid = {77BAA391-B730-4E4C-BCC3-D1213F3A01E6}
	EndGlobalSection
EndGlobal
